
Microsoft Visual Studio Solution File, Format Version 12.00
# Visual Studio 2013
VisualStudioVersion = 12.0.30501.0
MinimumVisualStudioVersion = 10.0.40219.1
Project("{FAE04EC0-301F-11D3-BF4B-00C04F79EFBC}") = "CWI.ContraCheque.Dominio", "CWI.ContraCheque.Dominio.csproj", "{60B8F2DE-CDFA-457B-A0DB-7C75C6A2B01D}"
EndProject
Project("{FAE04EC0-301F-11D3-BF4B-00C04F79EFBC}") = "CWI.ContraCheque.Importador", "..\CWI.ContraCheque.Importador\CWI.ContraCheque.Importador.csproj", "{DC005633-52AA-4105-A3E9-AC6A89BFB64E}"
EndProject
Project("{FAE04EC0-301F-11D3-BF4B-00C04F79EFBC}") = "CWI.ContraCheque.Web", "CWI.ContraCheque.Web\CWI.ContraCheque.Web.csproj", "{6FD14200-54A7-4DFB-A578-27AEF32FA61F}"
EndProject
Global
	GlobalSection(SolutionConfigurationPlatforms) = preSolution
		Debug|Any CPU = Debug|Any CPU
		Release|Any CPU = Release|Any CPU
	EndGlobalSection
	GlobalSection(ProjectConfigurationPlatforms) = postSolution
		{60B8F2DE-CDFA-457B-A0DB-7C75C6A2B01D}.Debug|Any CPU.ActiveCfg = Debug|Any CPU
		{60B8F2DE-CDFA-457B-A0DB-7C75C6A2B01D}.Debug|Any CPU.Build.0 = Debug|Any CPU
		{60B8F2DE-CDFA-457B-A0DB-7C75C6A2B01D}.Release|Any CPU.ActiveCfg = Release|Any CPU
		{60B8F2DE-CDFA-457B-A0DB-7C75C6A2B01D}.Release|Any CPU.Build.0 = Release|Any CPU
		{DC005633-52AA-4105-A3E9-AC6A89BFB64E}.Debug|Any CPU.ActiveCfg = Debug|Any CPU
		{DC005633-52AA-4105-A3E9-AC6A89BFB64E}.Debug|Any CPU.Build.0 = Debug|Any CPU
		{DC005633-52AA-4105-A3E9-AC6A89BFB64E}.Release|Any CPU.ActiveCfg = Release|Any CPU
		{DC005633-52AA-4105-A3E9-AC6A89BFB64E}.Release|Any CPU.Build.0 = Release|Any CPU
		{6FD14200-54A7-4DFB-A578-27AEF32FA61F}.Debug|Any CPU.ActiveCfg = Debug|Any CPU
		{6FD14200-54A7-4DFB-A578-27AEF32FA61F}.Debug|Any CPU.Build.0 = Debug|Any CPU
		{6FD14200-54A7-4DFB-A578-27AEF32FA61F}.Release|Any CPU.ActiveCfg = Release|Any CPU
		{6FD14200-54A7-4DFB-A578-27AEF32FA61F}.Release|Any CPU.Build.0 = Release|Any CPU
	EndGlobalSection
	GlobalSection(SolutionProperties) = preSolution
		HideSolutionNode = FALSE
	EndGlobalSection
EndGlobal
